
Microsoft Visual Studio Solution File, Format Version 12.00
# Visual Studio Version 17
VisualStudioVersion = 17.7.34024.191
MinimumVisualStudioVersion = 10.0.40219.1
Project("{9A19103F-16F7-4668-BE54-9A1E7A4F7556}") = "KutuphaneApi", "KutuphaneApi.csproj", "{9A81B09F-F0C1-4FC8-87C5-43D1868B06DF}"
EndProject
Project("{9A19103F-16F7-4668-BE54-9A1E7A4F7556}") = "Business", "..\Business\Business.csproj", "{192A0332-3FDC-48AA-B5C4-C494A699B24F}"
EndProject
Project("{9A19103F-16F7-4668-BE54-9A1E7A4F7556}") = "Data", "..\Data\Data.csproj", "{3AE33D8B-8698-4EA1-95BF-A83C31A61112}"
EndProject
Project("{9A19103F-16F7-4668-BE54-9A1E7A4F7556}") = "Models", "..\Models\Models.csproj", "{D78211C1-EF14-47A0-8B29-DE8B14D8354E}"
EndProject
Project("{FAE04EC0-301F-11D3-BF4B-00C04F79EFBC}") = "DTOs", "..\DTOs\DTOs.csproj", "{0D81E4B5-79D7-45CA-94B5-3503EADF96B2}"
EndProject
Global
	GlobalSection(SolutionConfigurationPlatforms) = preSolution
		Debug|Any CPU = Debug|Any CPU
		Release|Any CPU = Release|Any CPU
	EndGlobalSection
	GlobalSection(ProjectConfigurationPlatforms) = postSolution
		{9A81B09F-F0C1-4FC8-87C5-43D1868B06DF}.Debug|Any CPU.ActiveCfg = Debug|Any CPU
		{9A81B09F-F0C1-4FC8-87C5-43D1868B06DF}.Debug|Any CPU.Build.0 = Debug|Any CPU
		{9A81B09F-F0C1-4FC8-87C5-43D1868B06DF}.Release|Any CPU.ActiveCfg = Release|Any CPU
		{9A81B09F-F0C1-4FC8-87C5-43D1868B06DF}.Release|Any CPU.Build.0 = Release|Any CPU
		{192A0332-3FDC-48AA-B5C4-C494A699B24F}.Debug|Any CPU.ActiveCfg = Debug|Any CPU
		{192A0332-3FDC-48AA-B5C4-C494A699B24F}.Debug|Any CPU.Build.0 = Debug|Any CPU
		{192A0332-3FDC-48AA-B5C4-C494A699B24F}.Release|Any CPU.ActiveCfg = Release|Any CPU
		{192A0332-3FDC-48AA-B5C4-C494A699B24F}.Release|Any CPU.Build.0 = Release|Any CPU
		{3AE33D8B-8698-4EA1-95BF-A83C31A61112}.Debug|Any CPU.ActiveCfg = Debug|Any CPU
		{3AE33D8B-8698-4EA1-95BF-A83C31A61112}.Debug|Any CPU.Build.0 = Debug|Any CPU
		{3AE33D8B-8698-4EA1-95BF-A83C31A61112}.Release|Any CPU.ActiveCfg = Release|Any CPU
		{3AE33D8B-8698-4EA1-95BF-A83C31A61112}.Release|Any CPU.Build.0 = Release|Any CPU
		{D78211C1-EF14-47A0-8B29-DE8B14D8354E}.Debug|Any CPU.ActiveCfg = Debug|Any CPU
		{D78211C1-EF14-47A0-8B29-DE8B14D8354E}.Debug|Any CPU.Build.0 = Debug|Any CPU
		{D78211C1-EF14-47A0-8B29-DE8B14D8354E}.Release|Any CPU.ActiveCfg = Release|Any CPU
		{D78211C1-EF14-47A0-8B29-DE8B14D8354E}.Release|Any CPU.Build.0 = Release|Any CPU
		{0D81E4B5-79D7-45CA-94B5-3503EADF96B2}.Debug|Any CPU.ActiveCfg = Debug|Any CPU
		{0D81E4B5-79D7-45CA-94B5-3503EADF96B2}.Debug|Any CPU.Build.0 = Debug|Any CPU
		{0D81E4B5-79D7-45CA-94B5-3503EADF96B2}.Release|Any CPU.ActiveCfg = Release|Any CPU
		{0D81E4B5-79D7-45CA-94B5-3503EADF96B2}.Release|Any CPU.Build.0 = Release|Any CPU
	EndGlobalSection
	GlobalSection(SolutionProperties) = preSolution
		HideSolutionNode = FALSE
	EndGlobalSection
	GlobalSection(ExtensibilityGlobals) = postSolution
		SolutionGuid = {1B8C95E7-750D-4FFA-B8AD-FFFC5460A32D}
	EndGlobalSection
EndGlobal
